PODS:
  - AFNetworking (3.1.0):
    - AFNetworking/NSURLSession (= 3.1.0)
    - AFNetworking/Reachability (= 3.1.0)
    - AFNetworking/Security (= 3.1.0)
    - AFNetworking/Serialization (= 3.1.0)
    - AFNetworking/UIKit (= 3.1.0)
  - AFNetworking/NSURLSession (3.1.0):
    - AFNetworking/Reachability
    - AFNetworking/Security
    - AFNetworking/Serialization
  - AFNetworking/Reachability (3.1.0)
  - AFNetworking/Security (3.1.0)
  - AFNetworking/Serialization (3.1.0)
  - AFNetworking/UIKit (3.1.0):
    - AFNetworking/NSURLSession
  - Argo (3.1.0)
  - Curry (2.3.3)
  - Runes (3.2.1)
  - TFBoccoSwift (0.1.0):
    - AFNetworking (~> 3.1)
    - Argo (~> 3.1)
    - Curry (~> 2.3)
    - Runes (~> 3.2)

DEPENDENCIES:
  - AFNetworking (~> 3.1)
  - Argo (~> 3.1)
  - Curry (~> 2.3)
  - Runes (~> 3.2)
  - TFBoccoSwift (from `../`)

EXTERNAL SOURCES:
  TFBoccoSwift:
    :path: ../

SPEC CHECKSUMS:
  AFNetworking: 5e0e199f73d8626b11e79750991f5d173d1f8b67
  Argo: bb0e94e309d6ceb8fa58910205c8968be101e429
  Curry: 37223f4467e4802a08b6a414b526dcd919a4a777
  Runes: 9b2b636779f8bd0aa80c61f69032f83ae24b4e2f
  TFBoccoSwift: 70afaabc92fe8347e8b872d3503e17a9fcddd0cf

COCOAPODS: 0.39.0
